
Microsoft Visual Studio Solution File, Format Version 12.00
# Visual Studio 15
VisualStudioVersion = 15.0.27703.2042
MinimumVisualStudioVersion = 10.0.40219.1
Project("{FAE04EC0-301F-11D3-BF4B-00C04F79EFBC}") = "NeoScryptCSharp", "NeoScryptCSharp\NeoScryptCSharp.csproj", "{DC247091-FC69-4A3E-B2BA-FCC0DFE470D0}"
EndProject
Project("{FAE04EC0-301F-11D3-BF4B-00C04F79EFBC}") = "NeoScryptTest", "NeoScryptTest\NeoScryptTest.csproj", "{133617D3-59C4-4976-8E75-DC2E347A62F0}"
EndProject
Global
	GlobalSection(SolutionConfigurationPlatforms) = preSolution
		Debug|Any CPU = Debug|Any CPU
		Release|Any CPU = Release|Any CPU
	EndGlobalSection
	GlobalSection(ProjectConfigurationPlatforms) = postSolution
		{DC247091-FC69-4A3E-B2BA-FCC0DFE470D0}.Debug|Any CPU.ActiveCfg = Debug|Any CPU
		{DC247091-FC69-4A3E-B2BA-FCC0DFE470D0}.Debug|Any CPU.Build.0 = Debug|Any CPU
		{DC247091-FC69-4A3E-B2BA-FCC0DFE470D0}.Release|Any CPU.ActiveCfg = Release|Any CPU
		{DC247091-FC69-4A3E-B2BA-FCC0DFE470D0}.Release|Any CPU.Build.0 = Release|Any CPU
		{133617D3-59C4-4976-8E75-DC2E347A62F0}.Debug|Any CPU.ActiveCfg = Debug|Any CPU
		{133617D3-59C4-4976-8E75-DC2E347A62F0}.Debug|Any CPU.Build.0 = Debug|Any CPU
		{133617D3-59C4-4976-8E75-DC2E347A62F0}.Release|Any CPU.ActiveCfg = Release|Any CPU
		{133617D3-59C4-4976-8E75-DC2E347A62F0}.Release|Any CPU.Build.0 = Release|Any CPU
	EndGlobalSection
	GlobalSection(SolutionProperties) = preSolution
		HideSolutionNode = FALSE
	EndGlobalSection
	GlobalSection(ExtensibilityGlobals) = postSolution
		SolutionGuid = {068522BC-309F-48F7-8334-3FEF272A3022}
	EndGlobalSection
EndGlobal
